
Microsoft Visual Studio Solution File, Format Version 12.00
# Visual Studio Version 17
VisualStudioVersion = 17.10.35027.167
MinimumVisualStudioVersion = 10.0.40219.1
Project("{FAE04EC0-301F-11D3-BF4B-00C04F79EFBC}") = "BookStore", "BookStore\BookStore.csproj", "{6CD14F72-BC37-4A29-AEAD-8397FFF2C7E3}"
EndProject
Global
	GlobalSection(SolutionConfigurationPlatforms) = preSolution
		Debug|Any CPU = Debug|Any CPU
		Release|Any CPU = Release|Any CPU
	EndGlobalSection
	GlobalSection(ProjectConfigurationPlatforms) = postSolution
		{6CD14F72-BC37-4A29-AEAD-8397FFF2C7E3}.Debug|Any CPU.ActiveCfg = Debug|Any CPU
		{6CD14F72-BC37-4A29-AEAD-8397FFF2C7E3}.Debug|Any CPU.Build.0 = Debug|Any CPU
		{6CD14F72-BC37-4A29-AEAD-8397FFF2C7E3}.Release|Any CPU.ActiveCfg = Release|Any CPU
		{6CD14F72-BC37-4A29-AEAD-8397FFF2C7E3}.Release|Any CPU.Build.0 = Release|Any CPU
	EndGlobalSection
	GlobalSection(SolutionProperties) = preSolution
		HideSolutionNode = FALSE
	EndGlobalSection
	GlobalSection(ExtensibilityGlobals) = postSolution
		SolutionGuid = {D99BCA09-0ECA-4077-AF61-F4D18628CC7B}
	EndGlobalSection
EndGlobal
